// !$*UTF8*$!
{
	archiveVersion = 1;
	classes = {
	};
	objectVersion = 54;
	objects = {

/* Begin PBXBuildFile section */
		00E356F31AD99517003FC87E /* CoffeeShopTests.m in Sources */ = {isa = PBXBuildFile; fileRef = 00E356F21AD99517003FC87E /* CoffeeShopTests.m */; };
		0C80B921A6F3F58F76C31292 /* libPods-CoffeeShop.a in Frameworks */ = {isa = PBXBuildFile; fileRef = 5DCACB8F33CDC322A6C60F78 /* libPods-CoffeeShop.a */; };
		13B07FBC1A68108700A75B9A /* AppDelegate.mm in Sources */ = {isa = PBXBuildFile; fileRef = 13B07FB01A68108700A75B9A /* AppDelegate.mm */; };
		13B07FBF1A68108700A75B9A /* Images.xcassets in Resources */ = {isa = PBXBuildFile; fileRef = 13B07FB51A68108700A75B9A /* Images.xcassets */; };
		13B07FC11A68108700A75B9A /* main.m in Sources */ = {isa = PBXBuildFile; fileRef = 13B07FB71A68108700A75B9A /* main.m */; };
		7699B88040F8A987B510C191 /* libPods-CoffeeShop-CoffeeShopTests.a in Frameworks */ = {isa = PBXBuildFile; fileRef = 19F6CBCC0A4E27FBF8BF4A61 /* libPods-CoffeeShop-CoffeeShopTests.a */; };
		81AB9BB82411601600AC10FF /* LaunchScreen.storyboard in Resources */ = {isa = PBXBuildFile; fileRef = 81AB9BB72411601600AC10FF /* LaunchScreen.storyboard */; };
		4EF91569076C4353A4EFB1FC /* app_icons.ttf in Resources */ = {isa = PBXBuildFile; fileRef = 6C7AEE407014425EBC95F46B /* app_icons.ttf */; };
		B3774FF298104A0DBF87857C /* Poppins-Black.ttf in Resources */ = {isa = PBXBuildFile; fileRef = E1FF671E5A1040EAAD510765 /* Poppins-Black.ttf */; };
		D263547DB7F041DD8A8B96B3 /* Poppins-Bold.ttf in Resources */ = {isa = PBXBuildFile; fileRef = 436B6D2E67E74DB58ED17D8E /* Poppins-Bold.ttf */; };
		CD4C3FF723624A5C8D1B0F78 /* Poppins-ExtraBold.ttf in Resources */ = {isa = PBXBuildFile; fileRef = 4845FB4581284E4DB64B3A27 /* Poppins-ExtraBold.ttf */; };
		8FCBC934607D46AEB31A6F97 /* Poppins-ExtraLight.ttf in Resources */ = {isa = PBXBuildFile; fileRef = D3DE03AE45A64956B5DDAC78 /* Poppins-ExtraLight.ttf */; };
		60F313E9FB56430487BAACEA /* Poppins-Light.ttf in Resources */ = {isa = PBXBuildFile; fileRef = ECCD10651823402CAD999F61 /* Poppins-Light.ttf */; };
		D711EEFE9D4B42128A6A4DDB /* Poppins-Medium.ttf in Resources */ = {isa = PBXBuildFile; fileRef = D8E5EC42110C4AD5BB159CD6 /* Poppins-Medium.ttf */; };
		1910DCFC0CD144D0B6F284F6 /* Poppins-Regular.ttf in Resources */ = {isa = PBXBuildFile; fileRef = 35680E08E0DF4900AF071034 /* Poppins-Regular.ttf */; };
		5DEB27B01B7146A583BF0583 /* Poppins-SemiBold.ttf in Resources */ = {isa = PBXBuildFile; fileRef = 06622887A7D54B168191F1FA /* Poppins-SemiBold.ttf */; };
		9981F3042C2F4623A7E4064F /* Poppins-Thin.ttf in Resources */ = {isa = PBXBuildFile; fileRef = 93D1087F2E104E879F11A60D /* Poppins-Thin.ttf */; };
		06FB14DCDBE349E4993DA48A /* amazonpay.png in Resources */ = {isa = PBXBuildFile; fileRef = 797613F351704141A7FA5C08 /* amazonpay.png */; };
		109AA2EA6A07491F87FC31FF /* applepay.png in Resources */ = {isa = PBXBuildFile; fileRef = 4E7639C4D7804134993386E1 /* applepay.png */; };
		F9264C3AD447489E80932358 /* avatar.png in Resources */ = {isa = PBXBuildFile; fileRef = 1D18667EE49A4FE6AE0E1438 /* avatar.png */; };
		E4513E4AD3924E4FA56791CA /* gpay.png in Resources */ = {isa = PBXBuildFile; fileRef = 634095A01AFB452CB505ADD1 /* gpay.png */; };
		691F64E0C6DD4017A71480A6 /* americano_pic_1_portrait.png in Resources */ = {isa = PBXBuildFile; fileRef = 90250BD6068A41B9B1185CBB /* americano_pic_1_portrait.png */; };
		9FFF182585FF43EDB4C8695B /* americano_pic_2_portrait.png in Resources */ = {isa = PBXBuildFile; fileRef = 2B9113A1BEC24919B5EA088D /* americano_pic_2_portrait.png */; };
		CA288414764647CE84A82BF8 /* americano_pic_3_portrait.png in Resources */ = {isa = PBXBuildFile; fileRef = 1B82E46B3AD24670BD5A4C7E /* americano_pic_3_portrait.png */; };
		646EF52110B34EB2ACDA9ECA /* americano_pic_1_square.png in Resources */ = {isa = PBXBuildFile; fileRef = D15B49EA981842A0B729A2FB /* americano_pic_1_square.png */; };
		C8F12CB2DF2B407EB1FB3AEC /* americano_pic_2_square.png in Resources */ = {isa = PBXBuildFile; fileRef = 0AB6C49943D1460DAD9CD488 /* americano_pic_2_square.png */; };
		4E38FB99BFC14C1587C87135 /* americano_pic_3_square.png in Resources */ = {isa = PBXBuildFile; fileRef = 47892829992243CC91EEC8AA /* americano_pic_3_square.png */; };
		8E6BCA88F2A3450796B7D6FC /* arabica_coffee_beans_portrait.png in Resources */ = {isa = PBXBuildFile; fileRef = F9D003362EAD4381B6EDA7BA /* arabica_coffee_beans_portrait.png */; };
		2A6D8C1429384A358CBCB231 /* arabica_coffee_beans_square.png in Resources */ = {isa = PBXBuildFile; fileRef = 345E42AB1A4E4BD1B6399549 /* arabica_coffee_beans_square.png */; };
		F469FB95BA3B4299A167EC00 /* black_coffee_pic_1_portrait.png in Resources */ = {isa = PBXBuildFile; fileRef = 76EA7206F26E4505BF35B7A0 /* black_coffee_pic_1_portrait.png */; };
		5FED8885DDE7463DB0CBECB1 /* black_coffee_pic_2_portrait.png in Resources */ = {isa = PBXBuildFile; fileRef = 48883694A7A3425C85A86556 /* black_coffee_pic_2_portrait.png */; };
		FC2862BEAE0045B9B78C5D65 /* black_coffee_pic_3_portrait.png in Resources */ = {isa = PBXBuildFile; fileRef = F7111F6FAAA24C7386185E3F /* black_coffee_pic_3_portrait.png */; };
		9B7238B3261B4B568507EB74 /* black_coffee_pic_1_square.png in Resources */ = {isa = PBXBuildFile; fileRef = 1989273633354ECFBBC232FE /* black_coffee_pic_1_square.png */; };
		3342D2A733FD4095B9094D8D /* black_coffee_pic_2_square.png in Resources */ = {isa = PBXBuildFile; fileRef = 16614B089AFC41679F0A0968 /* black_coffee_pic_2_square.png */; };
		89257EB55EF74CAAACD9C817 /* black_coffee_pic_3_square.png in Resources */ = {isa = PBXBuildFile; fileRef = 00573C4A285B42468DEDBE2F /* black_coffee_pic_3_square.png */; };
		ACA037B75C8C4F3FA0FAC25D /* cappuccino_pic_1_portrait.png in Resources */ = {isa = PBXBuildFile; fileRef = 21C3C1903B8347DB8B6754EA /* cappuccino_pic_1_portrait.png */; };
		99A9DA805278468DA02ACA13 /* cappuccino_pic_2_portrait.png in Resources */ = {isa = PBXBuildFile; fileRef = 385A1F51830C44DCB2DCC37A /* cappuccino_pic_2_portrait.png */; };
		72334C6F95DE49E8B7B64CA0 /* cappuccino_pic_3_portrait.png in Resources */ = {isa = PBXBuildFile; fileRef = 88B580AD301546C49B7B7D12 /* cappuccino_pic_3_portrait.png */; };
		9E60A32EB750449498DD9C83 /* cappuccino_pic_1_square.png in Resources */ = {isa = PBXBuildFile; fileRef = FEE7BC5C5B244C55AAE99454 /* cappuccino_pic_1_square.png */; };
		BA760B1ED6AB4FFAB36E5B0E /* cappuccino_pic_2_square.png in Resources */ = {isa = PBXBuildFile; fileRef = A6652064CC7C40C596D2BD09 /* cappuccino_pic_2_square.png */; };
		0AF3EF6521ED463DB6FF9ECC /* cappuccino_pic_3_square.png in Resources */ = {isa = PBXBuildFile; fileRef = 4BD121FF34964E6DB4A80458 /* cappuccino_pic_3_square.png */; };
		0EA4E7EA823041F7BB455944 /* espresso_pic_1_portrait.png in Resources */ = {isa = PBXBuildFile; fileRef = 461B610042C845ABA2E9D9E2 /* espresso_pic_1_portrait.png */; };
		A1A582222C0D4D9EB909C45C /* espresso_pic_2_portrait.png in Resources */ = {isa = PBXBuildFile; fileRef = A4146D65067D4F27A95203D4 /* espresso_pic_2_portrait.png */; };
		92D1A534C6C84AE297C97C83 /* espresso_pic_3_portrait.png in Resources */ = {isa = PBXBuildFile; fileRef = 0CAEF58A09A84995A868572E /* espresso_pic_3_portrait.png */; };
		4B3E01E9402046F381772E83 /* espresso_pic_1_square.png in Resources */ = {isa = PBXBuildFile; fileRef = D926DC5AC1684E8C9A05CA44 /* espresso_pic_1_square.png */; };
		A807758E7AED4B5E987EA263 /* espresso_pic_2_square.png in Resources */ = {isa = PBXBuildFile; fileRef = A352AFDA21264E7ABD8936DC /* espresso_pic_2_square.png */; };
		C33718DB90374A97875FDCD0 /* espresso_pic_3_square.png in Resources */ = {isa = PBXBuildFile; fileRef = B9AB9FBEC7604DE9B227B617 /* espresso_pic_3_square.png */; };
		E83FE5735DA447C9BD8B67D7 /* excelsa_coffee_beans_portrait.png in Resources */ = {isa = PBXBuildFile; fileRef = DEF34C24B8124BE2B6FCE41A /* excelsa_coffee_beans_portrait.png */; };
		625D8E04FBE8404FBDBA14B0 /* excelsa_coffee_beans_square.png in Resources */ = {isa = PBXBuildFile; fileRef = 6A613F1EA63C4C75A72EC9F6 /* excelsa_coffee_beans_square.png */; };
		21A6B56A53C7428D83452A5D /* latte_pic_1_portrait.png in Resources */ = {isa = PBXBuildFile; fileRef = 40069FE27DF14612B49C3755 /* latte_pic_1_portrait.png */; };
		B7CD957EFD7F42D0BEE7BF5C /* latte_pic_2_portrait.png in Resources */ = {isa = PBXBuildFile; fileRef = D608121731B44257A88F8385 /* latte_pic_2_portrait.png */; };
		736358E69C25438AA83633F2 /* latte_pic_3_portrait.png in Resources */ = {isa = PBXBuildFile; fileRef = 3424D7D7E5FA408DBBB5AF27 /* latte_pic_3_portrait.png */; };
		76BC4B47F86E4A18ACEB27DB /* latte_pic_1_square.png in Resources */ = {isa = PBXBuildFile; fileRef = 2F78A1BEFE8D4939AE44FE35 /* latte_pic_1_square.png */; };
		7978DAF396CB48309BC2264D /* latte_pic_2_square.png in Resources */ = {isa = PBXBuildFile; fileRef = 37A4F8478F2844ACB40C39FD /* latte_pic_2_square.png */; };
		08A6AACB797C479DBDCB6267 /* latte_pic_3_square.png in Resources */ = {isa = PBXBuildFile; fileRef = 2A5DEED5832E47B1A1C884F0 /* latte_pic_3_square.png */; };
		3B57F377EBDE4D40BC6B3173 /* liberica_coffee_beans_portrait.png in Resources */ = {isa = PBXBuildFile; fileRef = C986731F30744E7CB22830E0 /* liberica_coffee_beans_portrait.png */; };
		DC39F4F2B38F42109C048C32 /* liberica_coffee_beans_square.png in Resources */ = {isa = PBXBuildFile; fileRef = 581CBE13F6214096BF24733A /* liberica_coffee_beans_square.png */; };
		1527386F7090469098213074 /* macchiato_pic_1_portrait.png in Resources */ = {isa = PBXBuildFile; fileRef = 9FEE750E098B463E9815FABE /* macchiato_pic_1_portrait.png */; };
		E0FF5C53BF9C463E8B00BA2E /* macchiato_pic_2_portrait.png in Resources */ = {isa = PBXBuildFile; fileRef = F5161A56B5104E5DA51BF5EB /* macchiato_pic_2_portrait.png */; };
		712A249B1937445E946A10FD /* macchiato_pic_3_portrait.png in Resources */ = {isa = PBXBuildFile; fileRef = 57027FC197A340F6B5411FA3 /* macchiato_pic_3_portrait.png */; };
		9520FEE8551544FDAE085BF7 /* macchiato_pic_1_square.png in Resources */ = {isa = PBXBuildFile; fileRef = A8C44A1D0BCD416B8684EF55 /* macchiato_pic_1_square.png */; };
		897FE8A90B4C4A99ACA79250 /* macchiato_pic_2_square.png in Resources */ = {isa = PBXBuildFile; fileRef = 705D82BCA2F04219BA225D25 /* macchiato_pic_2_square.png */; };
		57FC144CA6144B4D8ECA45BE /* macchiato_pic_3_square.png in Resources */ = {isa = PBXBuildFile; fileRef = 5B1B09FE93DB435E91BB7A07 /* macchiato_pic_3_square.png */; };
		9AFDBD6E98224FC5BF9F58B4 /* robusta_coffee_beans_portrait.png in Resources */ = {isa = PBXBuildFile; fileRef = DE4A8D1E06EF45CF876A10B1 /* robusta_coffee_beans_portrait.png */; };
		28155BC4A0384156873C55F8 /* robusta_coffee_beans_square.png in Resources */ = {isa = PBXBuildFile; fileRef = D88A318CD95F4505BB800A15 /* robusta_coffee_beans_square.png */; };
/* End PBXBuildFile section */

/* Begin PBXContainerItemProxy section */
		00E356F41AD99517003FC87E /* PBXContainerItemProxy */ = {
			isa = PBXContainerItemProxy;
			containerPortal = 83CBB9F71A601CBA00E9B192 /* Project object */;
			proxyType = 1;
			remoteGlobalIDString = 13B07F861A680F5B00A75B9A;
			remoteInfo = CoffeeShop;
		};
/* End PBXContainerItemProxy section */

/* Begin PBXFileReference section */
		00E356EE1AD99517003FC87E /* CoffeeShopTests.xctest */ = {isa = PBXFileReference; explicitFileType = wrapper.cfbundle; includeInIndex = 0; path = CoffeeShopTests.xctest; sourceTree = BUILT_PRODUCTS_DIR; };
		00E356F11AD99517003FC87E /* Info.plist */ = {isa = PBXFileReference; lastKnownFileType = text.plist.xml; path = Info.plist; sourceTree = "<group>"; };
		00E356F21AD99517003FC87E /* CoffeeShopTests.m */ = {isa = PBXFileReference; lastKnownFileType = sourcecode.c.objc; path = CoffeeShopTests.m; sourceTree = "<group>"; };
		13B07F961A680F5B00A75B9A /* CoffeeShop.app */ = {isa = PBXFileReference; explicitFileType = wrapper.application; includeInIndex = 0; path = CoffeeShop.app; sourceTree = BUILT_PRODUCTS_DIR; };
		13B07FAF1A68108700A75B9A /* AppDelegate.h */ = {isa = PBXFileReference; fileEncoding = 4; lastKnownFileType = sourcecode.c.h; name = AppDelegate.h; path = CoffeeShop/AppDelegate.h; sourceTree = "<group>"; };
		13B07FB01A68108700A75B9A /* AppDelegate.mm */ = {isa = PBXFileReference; fileEncoding = 4; lastKnownFileType = sourcecode.cpp.objcpp; name = AppDelegate.mm; path = CoffeeShop/AppDelegate.mm; sourceTree = "<group>"; };
		13B07FB51A68108700A75B9A /* Images.xcassets */ = {isa = PBXFileReference; lastKnownFileType = folder.assetcatalog; name = Images.xcassets; path = CoffeeShop/Images.xcassets; sourceTree = "<group>"; };
		13B07FB61A68108700A75B9A /* Info.plist */ = {isa = PBXFileReference; fileEncoding = 4; lastKnownFileType = text.plist.xml; name = Info.plist; path = CoffeeShop/Info.plist; sourceTree = "<group>"; };
		13B07FB71A68108700A75B9A /* main.m */ = {isa = PBXFileReference; fileEncoding = 4; lastKnownFileType = sourcecode.c.objc; name = main.m; path = CoffeeShop/main.m; sourceTree = "<group>"; };
		13B07FB81A68108700A75B9A /* PrivacyInfo.xcprivacy */ = {isa = PBXFileReference; fileEncoding = 4; lastKnownFileType = text.plist.xml; name = PrivacyInfo.xcprivacy; path = CoffeeShop/PrivacyInfo.xcprivacy; sourceTree = "<group>"; };
		19F6CBCC0A4E27FBF8BF4A61 /* libPods-CoffeeShop-CoffeeShopTests.a */ = {isa = PBXFileReference; explicitFileType = archive.ar; includeInIndex = 0; path = "libPods-CoffeeShop-CoffeeShopTests.a"; sourceTree = BUILT_PRODUCTS_DIR; };
		3B4392A12AC88292D35C810B /* Pods-CoffeeShop.debug.xcconfig */ = {isa = PBXFileReference; includeInIndex = 1; lastKnownFileType = text.xcconfig; name = "Pods-CoffeeShop.debug.xcconfig"; path = "Target Support Files/Pods-CoffeeShop/Pods-CoffeeShop.debug.xcconfig"; sourceTree = "<group>"; };
		5709B34CF0A7D63546082F79 /* Pods-CoffeeShop.release.xcconfig */ = {isa = PBXFileReference; includeInIndex = 1; lastKnownFileType = text.xcconfig; name = "Pods-CoffeeShop.release.xcconfig"; path = "Target Support Files/Pods-CoffeeShop/Pods-CoffeeShop.release.xcconfig"; sourceTree = "<group>"; };
		5B7EB9410499542E8C5724F5 /* Pods-CoffeeShop-CoffeeShopTests.debug.xcconfig */ = {isa = PBXFileReference; includeInIndex = 1; lastKnownFileType = text.xcconfig; name = "Pods-CoffeeShop-CoffeeShopTests.debug.xcconfig"; path = "Target Support Files/Pods-CoffeeShop-CoffeeShopTests/Pods-CoffeeShop-CoffeeShopTests.debug.xcconfig"; sourceTree = "<group>"; };
		5DCACB8F33CDC322A6C60F78 /* libPods-CoffeeShop.a */ = {isa = PBXFileReference; explicitFileType = archive.ar; includeInIndex = 0; path = "libPods-CoffeeShop.a"; sourceTree = BUILT_PRODUCTS_DIR; };
		81AB9BB72411601600AC10FF /* LaunchScreen.storyboard */ = {isa = PBXFileReference; fileEncoding = 4; lastKnownFileType = file.storyboard; name = LaunchScreen.storyboard; path = CoffeeShop/LaunchScreen.storyboard; sourceTree = "<group>"; };
		89C6BE57DB24E9ADA2F236DE /* Pods-CoffeeShop-CoffeeShopTests.release.xcconfig */ = {isa = PBXFileReference; includeInIndex = 1; lastKnownFileType = text.xcconfig; name = "Pods-CoffeeShop-CoffeeShopTests.release.xcconfig"; path = "Target Support Files/Pods-CoffeeShop-CoffeeShopTests/Pods-CoffeeShop-CoffeeShopTests.release.xcconfig"; sourceTree = "<group>"; };
		ED297162215061F000B7C4FE /* JavaScriptCore.framework */ = {isa = PBXFileReference; lastKnownFileType = wrapper.framework; name = JavaScriptCore.framework; path = System/Library/Frameworks/JavaScriptCore.framework; sourceTree = SDKROOT; };
		6C7AEE407014425EBC95F46B /* app_icons.ttf */ = {isa = PBXFileReference; name = "app_icons.ttf"; path = "../src/assets/fonts/app_icons.ttf"; sourceTree = "<group>"; fileEncoding = undefined; lastKnownFileType = unknown; explicitFileType = undefined; includeInIndex = 0; };
		E1FF671E5A1040EAAD510765 /* Poppins-Black.ttf */ = {isa = PBXFileReference; name = "Poppins-Black.ttf"; path = "../src/assets/fonts/Poppins-Black.ttf"; sourceTree = "<group>"; fileEncoding = undefined; lastKnownFileType = unknown; explicitFileType = undefined; includeInIndex = 0; };
		436B6D2E67E74DB58ED17D8E /* Poppins-Bold.ttf */ = {isa = PBXFileReference; name = "Poppins-Bold.ttf"; path = "../src/assets/fonts/Poppins-Bold.ttf"; sourceTree = "<group>"; fileEncoding = undefined; lastKnownFileType = unknown; explicitFileType = undefined; includeInIndex = 0; };
		4845FB4581284E4DB64B3A27 /* Poppins-ExtraBold.ttf */ = {isa = PBXFileReference; name = "Poppins-ExtraBold.ttf"; path = "../src/assets/fonts/Poppins-ExtraBold.ttf"; sourceTree = "<group>"; fileEncoding = undefined; lastKnownFileType = unknown; explicitFileType = undefined; includeInIndex = 0; };
		D3DE03AE45A64956B5DDAC78 /* Poppins-ExtraLight.ttf */ = {isa = PBXFileReference; name = "Poppins-ExtraLight.ttf"; path = "../src/assets/fonts/Poppins-ExtraLight.ttf"; sourceTree = "<group>"; fileEncoding = undefined; lastKnownFileType = unknown; explicitFileType = undefined; includeInIndex = 0; };
		ECCD10651823402CAD999F61 /* Poppins-Light.ttf */ = {isa = PBXFileReference; name = "Poppins-Light.ttf"; path = "../src/assets/fonts/Poppins-Light.ttf"; sourceTree = "<group>"; fileEncoding = undefined; lastKnownFileType = unknown; explicitFileType = undefined; includeInIndex = 0; };
		D8E5EC42110C4AD5BB159CD6 /* Poppins-Medium.ttf */ = {isa = PBXFileReference; name = "Poppins-Medium.ttf"; path = "../src/assets/fonts/Poppins-Medium.ttf"; sourceTree = "<group>"; fileEncoding = undefined; lastKnownFileType = unknown; explicitFileType = undefined; includeInIndex = 0; };
		35680E08E0DF4900AF071034 /* Poppins-Regular.ttf */ = {isa = PBXFileReference; name = "Poppins-Regular.ttf"; path = "../src/assets/fonts/Poppins-Regular.ttf"; sourceTree = "<group>"; fileEncoding = undefined; lastKnownFileType = unknown; explicitFileType = undefined; includeInIndex = 0; };
		06622887A7D54B168191F1FA /* Poppins-SemiBold.ttf */ = {isa = PBXFileReference; name = "Poppins-SemiBold.ttf"; path = "../src/assets/fonts/Poppins-SemiBold.ttf"; sourceTree = "<group>"; fileEncoding = undefined; lastKnownFileType = unknown; explicitFileType = undefined; includeInIndex = 0; };
		93D1087F2E104E879F11A60D /* Poppins-Thin.ttf */ = {isa = PBXFileReference; name = "Poppins-Thin.ttf"; path = "../src/assets/fonts/Poppins-Thin.ttf"; sourceTree = "<group>"; fileEncoding = undefined; lastKnownFileType = unknown; explicitFileType = undefined; includeInIndex = 0; };
		797613F351704141A7FA5C08 /* amazonpay.png */ = {isa = PBXFileReference; name = "amazonpay.png"; path = "../src/assets/app_images/amazonpay.png"; sourceTree = "<group>"; fileEncoding = undefined; lastKnownFileType = unknown; explicitFileType = undefined; includeInIndex = 0; };
		4E7639C4D7804134993386E1 /* applepay.png */ = {isa = PBXFileReference; name = "applepay.png"; path = "../src/assets/app_images/applepay.png"; sourceTree = "<group>"; fileEncoding = undefined; lastKnownFileType = unknown; explicitFileType = undefined; includeInIndex = 0; };
		1D18667EE49A4FE6AE0E1438 /* avatar.png */ = {isa = PBXFileReference; name = "avatar.png"; path = "../src/assets/app_images/avatar.png"; sourceTree = "<group>"; fileEncoding = undefined; lastKnownFileType = unknown; explicitFileType = undefined; includeInIndex = 0; };
		634095A01AFB452CB505ADD1 /* gpay.png */ = {isa = PBXFileReference; name = "gpay.png"; path = "../src/assets/app_images/gpay.png"; sourceTree = "<group>"; fileEncoding = undefined; lastKnownFileType = unknown; explicitFileType = undefined; includeInIndex = 0; };
		90250BD6068A41B9B1185CBB /* americano_pic_1_portrait.png */ = {isa = PBXFileReference; name = "americano_pic_1_portrait.png"; path = "../src/assets/coffee_assets/americano/portrait/americano_pic_1_portrait.png"; sourceTree = "<group>"; fileEncoding = undefined; lastKnownFileType = unknown; explicitFileType = undefined; includeInIndex = 0; };
		2B9113A1BEC24919B5EA088D /* americano_pic_2_portrait.png */ = {isa = PBXFileReference; name = "americano_pic_2_portrait.png"; path = "../src/assets/coffee_assets/americano/portrait/americano_pic_2_portrait.png"; sourceTree = "<group>"; fileEncoding = undefined; lastKnownFileType = unknown; explicitFileType = undefined; includeInIndex = 0; };
		1B82E46B3AD24670BD5A4C7E /* americano_pic_3_portrait.png */ = {isa = PBXFileReference; name = "americano_pic_3_portrait.png"; path = "../src/assets/coffee_assets/americano/portrait/americano_pic_3_portrait.png"; sourceTree = "<group>"; fileEncoding = undefined; lastKnownFileType = unknown; explicitFileType = undefined; includeInIndex = 0; };
		D15B49EA981842A0B729A2FB /* americano_pic_1_square.png */ = {isa = PBXFileReference; name = "americano_pic_1_square.png"; path = "../src/assets/coffee_assets/americano/square/americano_pic_1_square.png"; sourceTree = "<group>"; fileEncoding = undefined; lastKnownFileType = unknown; explicitFileType = undefined; includeInIndex = 0; };
		0AB6C49943D1460DAD9CD488 /* americano_pic_2_square.png */ = {isa = PBXFileReference; name = "americano_pic_2_square.png"; path = "../src/assets/coffee_assets/americano/square/americano_pic_2_square.png"; sourceTree = "<group>"; fileEncoding = undefined; lastKnownFileType = unknown; explicitFileType = undefined; includeInIndex = 0; };
		47892829992243CC91EEC8AA /* americano_pic_3_square.png */ = {isa = PBXFileReference; name = "americano_pic_3_square.png"; path = "../src/assets/coffee_assets/americano/square/americano_pic_3_square.png"; sourceTree = "<group>"; fileEncoding = undefined; lastKnownFileType = unknown; explicitFileType = undefined; includeInIndex = 0; };
		F9D003362EAD4381B6EDA7BA /* arabica_coffee_beans_portrait.png */ = {isa = PBXFileReference; name = "arabica_coffee_beans_portrait.png"; path = "../src/assets/coffee_assets/arabica_coffee_beans/arabica_coffee_beans_portrait.png"; sourceTree = "<group>"; fileEncoding = undefined; lastKnownFileType = unknown; explicitFileType = undefined; includeInIndex = 0; };
		345E42AB1A4E4BD1B6399549 /* arabica_coffee_beans_square.png */ = {isa = PBXFileReference; name = "arabica_coffee_beans_square.png"; path = "../src/assets/coffee_assets/arabica_coffee_beans/arabica_coffee_beans_square.png"; sourceTree = "<group>"; fileEncoding = undefined; lastKnownFileType = unknown; explicitFileType = undefined; includeInIndex = 0; };
		76EA7206F26E4505BF35B7A0 /* black_coffee_pic_1_portrait.png */ = {isa = PBXFileReference; name = "black_coffee_pic_1_portrait.png"; path = "../src/assets/coffee_assets/black_coffee/portrait/black_coffee_pic_1_portrait.png"; sourceTree = "<group>"; fileEncoding = undefined; lastKnownFileType = unknown; explicitFileType = undefined; includeInIndex = 0; };
		48883694A7A3425C85A86556 /* black_coffee_pic_2_portrait.png */ = {isa = PBXFileReference; name = "black_coffee_pic_2_portrait.png"; path = "../src/assets/coffee_assets/black_coffee/portrait/black_coffee_pic_2_portrait.png"; sourceTree = "<group>"; fileEncoding = undefined; lastKnownFileType = unknown; explicitFileType = undefined; includeInIndex = 0; };
		F7111F6FAAA24C7386185E3F /* black_coffee_pic_3_portrait.png */ = {isa = PBXFileReference; name = "black_coffee_pic_3_portrait.png"; path = "../src/assets/coffee_assets/black_coffee/portrait/black_coffee_pic_3_portrait.png"; sourceTree = "<group>"; fileEncoding = undefined; lastKnownFileType = unknown; explicitFileType = undefined; includeInIndex = 0; };
		1989273633354ECFBBC232FE /* black_coffee_pic_1_square.png */ = {isa = PBXFileReference; name = "black_coffee_pic_1_square.png"; path = "../src/assets/coffee_assets/black_coffee/square/black_coffee_pic_1_square.png"; sourceTree = "<group>"; fileEncoding = undefined; lastKnownFileType = unknown; explicitFileType = undefined; includeInIndex = 0; };
		16614B089AFC41679F0A0968 /* black_coffee_pic_2_square.png */ = {isa = PBXFileReference; name = "black_coffee_pic_2_square.png"; path = "../src/assets/coffee_assets/black_coffee/square/black_coffee_pic_2_square.png"; sourceTree = "<group>"; fileEncoding = undefined; lastKnownFileType = unknown; explicitFileType = undefined; includeInIndex = 0; };
		00573C4A285B42468DEDBE2F /* black_coffee_pic_3_square.png */ = {isa = PBXFileReference; name = "black_coffee_pic_3_square.png"; path = "../src/assets/coffee_assets/black_coffee/square/black_coffee_pic_3_square.png"; sourceTree = "<group>"; fileEncoding = undefined; lastKnownFileType = unknown; explicitFileType = undefined; includeInIndex = 0; };
		21C3C1903B8347DB8B6754EA /* cappuccino_pic_1_portrait.png */ = {isa = PBXFileReference; name = "cappuccino_pic_1_portrait.png"; path = "../src/assets/coffee_assets/cappuccino/portrait/cappuccino_pic_1_portrait.png"; sourceTree = "<group>"; fileEncoding = undefined; lastKnownFileType = unknown; explicitFileType = undefined; includeInIndex = 0; };
		385A1F51830C44DCB2DCC37A /* cappuccino_pic_2_portrait.png */ = {isa = PBXFileReference; name = "cappuccino_pic_2_portrait.png"; path = "../src/assets/coffee_assets/cappuccino/portrait/cappuccino_pic_2_portrait.png"; sourceTree = "<group>"; fileEncoding = undefined; lastKnownFileType = unknown; explicitFileType = undefined; includeInIndex = 0; };
		88B580AD301546C49B7B7D12 /* cappuccino_pic_3_portrait.png */ = {isa = PBXFileReference; name = "cappuccino_pic_3_portrait.png"; path = "../src/assets/coffee_assets/cappuccino/portrait/cappuccino_pic_3_portrait.png"; sourceTree = "<group>"; fileEncoding = undefined; lastKnownFileType = unknown; explicitFileType = undefined; includeInIndex = 0; };
		FEE7BC5C5B244C55AAE99454 /* cappuccino_pic_1_square.png */ = {isa = PBXFileReference; name = "cappuccino_pic_1_square.png"; path = "../src/assets/coffee_assets/cappuccino/square/cappuccino_pic_1_square.png"; sourceTree = "<group>"; fileEncoding = undefined; lastKnownFileType = unknown; explicitFileType = undefined; includeInIndex = 0; };
		A6652064CC7C40C596D2BD09 /* cappuccino_pic_2_square.png */ = {isa = PBXFileReference; name = "cappuccino_pic_2_square.png"; path = "../src/assets/coffee_assets/cappuccino/square/cappuccino_pic_2_square.png"; sourceTree = "<group>"; fileEncoding = undefined; lastKnownFileType = unknown; explicitFileType = undefined; includeInIndex = 0; };
		4BD121FF34964E6DB4A80458 /* cappuccino_pic_3_square.png */ = {isa = PBXFileReference; name = "cappuccino_pic_3_square.png"; path = "../src/assets/coffee_assets/cappuccino/square/cappuccino_pic_3_square.png"; sourceTree = "<group>"; fileEncoding = undefined; lastKnownFileType = unknown; explicitFileType = undefined; includeInIndex = 0; };
		461B610042C845ABA2E9D9E2 /* espresso_pic_1_portrait.png */ = {isa = PBXFileReference; name = "espresso_pic_1_portrait.png"; path = "../src/assets/coffee_assets/espresso/portrait/espresso_pic_1_portrait.png"; sourceTree = "<group>"; fileEncoding = undefined; lastKnownFileType = unknown; explicitFileType = undefined; includeInIndex = 0; };
		A4146D65067D4F27A95203D4 /* espresso_pic_2_portrait.png */ = {isa = PBXFileReference; name = "espresso_pic_2_portrait.png"; path = "../src/assets/coffee_assets/espresso/portrait/espresso_pic_2_portrait.png"; sourceTree = "<group>"; fileEncoding = undefined; lastKnownFileType = unknown; explicitFileType = undefined; includeInIndex = 0; };
		0CAEF58A09A84995A868572E /* espresso_pic_3_portrait.png */ = {isa = PBXFileReference; name = "espresso_pic_3_portrait.png"; path = "../src/assets/coffee_assets/espresso/portrait/espresso_pic_3_portrait.png"; sourceTree = "<group>"; fileEncoding = undefined; lastKnownFileType = unknown; explicitFileType = undefined; includeInIndex = 0; };
		D926DC5AC1684E8C9A05CA44 /* espresso_pic_1_square.png */ = {isa = PBXFileReference; name = "espresso_pic_1_square.png"; path = "../src/assets/coffee_assets/espresso/square/espresso_pic_1_square.png"; sourceTree = "<group>"; fileEncoding = undefined; lastKnownFileType = unknown; explicitFileType = undefined; includeInIndex = 0; };
		A352AFDA21264E7ABD8936DC /* espresso_pic_2_square.png */ = {isa = PBXFileReference; name = "espresso_pic_2_square.png"; path = "../src/assets/coffee_assets/espresso/square/espresso_pic_2_square.png"; sourceTree = "<group>"; fileEncoding = undefined; lastKnownFileType = unknown; explicitFileType = undefined; includeInIndex = 0; };
		B9AB9FBEC7604DE9B227B617 /* espresso_pic_3_square.png */ = {isa = PBXFileReference; name = "espresso_pic_3_square.png"; path = "../src/assets/coffee_assets/espresso/square/espresso_pic_3_square.png"; sourceTree = "<group>"; fileEncoding = undefined; lastKnownFileType = unknown; explicitFileType = undefined; includeInIndex = 0; };
		DEF34C24B8124BE2B6FCE41A /* excelsa_coffee_beans_portrait.png */ = {isa = PBXFileReference; name = "excelsa_coffee_beans_portrait.png"; path = "../src/assets/coffee_assets/excelsa_coffee_beans/excelsa_coffee_beans_portrait.png"; sourceTree = "<group>"; fileEncoding = undefined; lastKnownFileType = unknown; explicitFileType = undefined; includeInIndex = 0; };
		6A613F1EA63C4C75A72EC9F6 /* excelsa_coffee_beans_square.png */ = {isa = PBXFileReference; name = "excelsa_coffee_beans_square.png"; path = "../src/assets/coffee_assets/excelsa_coffee_beans/excelsa_coffee_beans_square.png"; sourceTree = "<group>"; fileEncoding = undefined; lastKnownFileType = unknown; explicitFileType = undefined; includeInIndex = 0; };
		40069FE27DF14612B49C3755 /* latte_pic_1_portrait.png */ = {isa = PBXFileReference; name = "latte_pic_1_portrait.png"; path = "../src/assets/coffee_assets/latte/portrait/latte_pic_1_portrait.png"; sourceTree = "<group>"; fileEncoding = undefined; lastKnownFileType = unknown; explicitFileType = undefined; includeInIndex = 0; };
		D608121731B44257A88F8385 /* latte_pic_2_portrait.png */ = {isa = PBXFileReference; name = "latte_pic_2_portrait.png"; path = "../src/assets/coffee_assets/latte/portrait/latte_pic_2_portrait.png"; sourceTree = "<group>"; fileEncoding = undefined; lastKnownFileType = unknown; explicitFileType = undefined; includeInIndex = 0; };
		3424D7D7E5FA408DBBB5AF27 /* latte_pic_3_portrait.png */ = {isa = PBXFileReference; name = "latte_pic_3_portrait.png"; path = "../src/assets/coffee_assets/latte/portrait/latte_pic_3_portrait.png"; sourceTree = "<group>"; fileEncoding = undefined; lastKnownFileType = unknown; explicitFileType = undefined; includeInIndex = 0; };
		2F78A1BEFE8D4939AE44FE35 /* latte_pic_1_square.png */ = {isa = PBXFileReference; name = "latte_pic_1_square.png"; path = "../src/assets/coffee_assets/latte/square/latte_pic_1_square.png"; sourceTree = "<group>"; fileEncoding = undefined; lastKnownFileType = unknown; explicitFileType = undefined; includeInIndex = 0; };
		37A4F8478F2844ACB40C39FD /* latte_pic_2_square.png */ = {isa = PBXFileReference; name = "latte_pic_2_square.png"; path = "../src/assets/coffee_assets/latte/square/latte_pic_2_square.png"; sourceTree = "<group>"; fileEncoding = undefined; lastKnownFileType = unknown; explicitFileType = undefined; includeInIndex = 0; };
		2A5DEED5832E47B1A1C884F0 /* latte_pic_3_square.png */ = {isa = PBXFileReference; name = "latte_pic_3_square.png"; path = "../src/assets/coffee_assets/latte/square/latte_pic_3_square.png"; sourceTree = "<group>"; fileEncoding = undefined; lastKnownFileType = unknown; explicitFileType = undefined; includeInIndex = 0; };
		C986731F30744E7CB22830E0 /* liberica_coffee_beans_portrait.png */ = {isa = PBXFileReference; name = "liberica_coffee_beans_portrait.png"; path = "../src/assets/coffee_assets/liberica_coffee_beans/liberica_coffee_beans_portrait.png"; sourceTree = "<group>"; fileEncoding = undefined; lastKnownFileType = unknown; explicitFileType = undefined; includeInIndex = 0; };
		581CBE13F6214096BF24733A /* liberica_coffee_beans_square.png */ = {isa = PBXFileReference; name = "liberica_coffee_beans_square.png"; path = "../src/assets/coffee_assets/liberica_coffee_beans/liberica_coffee_beans_square.png"; sourceTree = "<group>"; fileEncoding = undefined; lastKnownFileType = unknown; explicitFileType = undefined; includeInIndex = 0; };
		9FEE750E098B463E9815FABE /* macchiato_pic_1_portrait.png */ = {isa = PBXFileReference; name = "macchiato_pic_1_portrait.png"; path = "../src/assets/coffee_assets/macchiato/portrait/macchiato_pic_1_portrait.png"; sourceTree = "<group>"; fileEncoding = undefined; lastKnownFileType = unknown; explicitFileType = undefined; includeInIndex = 0; };
		F5161A56B5104E5DA51BF5EB /* macchiato_pic_2_portrait.png */ = {isa = PBXFileReference; name = "macchiato_pic_2_portrait.png"; path = "../src/assets/coffee_assets/macchiato/portrait/macchiato_pic_2_portrait.png"; sourceTree = "<group>"; fileEncoding = undefined; lastKnownFileType = unknown; explicitFileType = undefined; includeInIndex = 0; };
		57027FC197A340F6B5411FA3 /* macchiato_pic_3_portrait.png */ = {isa = PBXFileReference; name = "macchiato_pic_3_portrait.png"; path = "../src/assets/coffee_assets/macchiato/portrait/macchiato_pic_3_portrait.png"; sourceTree = "<group>"; fileEncoding = undefined; lastKnownFileType = unknown; explicitFileType = undefined; includeInIndex = 0; };
		A8C44A1D0BCD416B8684EF55 /* macchiato_pic_1_square.png */ = {isa = PBXFileReference; name = "macchiato_pic_1_square.png"; path = "../src/assets/coffee_assets/macchiato/square/macchiato_pic_1_square.png"; sourceTree = "<group>"; fileEncoding = undefined; lastKnownFileType = unknown; explicitFileType = undefined; includeInIndex = 0; };
		705D82BCA2F04219BA225D25 /* macchiato_pic_2_square.png */ = {isa = PBXFileReference; name = "macchiato_pic_2_square.png"; path = "../src/assets/coffee_assets/macchiato/square/macchiato_pic_2_square.png"; sourceTree = "<group>"; fileEncoding = undefined; lastKnownFileType = unknown; explicitFileType = undefined; includeInIndex = 0; };
		5B1B09FE93DB435E91BB7A07 /* macchiato_pic_3_square.png */ = {isa = PBXFileReference; name = "macchiato_pic_3_square.png"; path = "../src/assets/coffee_assets/macchiato/square/macchiato_pic_3_square.png"; sourceTree = "<group>"; fileEncoding = undefined; lastKnownFileType = unknown; explicitFileType = undefined; includeInIndex = 0; };
		DE4A8D1E06EF45CF876A10B1 /* robusta_coffee_beans_portrait.png */ = {isa = PBXFileReference; name = "robusta_coffee_beans_portrait.png"; path = "../src/assets/coffee_assets/robusta_coffee_beans/robusta_coffee_beans_portrait.png"; sourceTree = "<group>"; fileEncoding = undefined; lastKnownFileType = unknown; explicitFileType = undefined; includeInIndex = 0; };
		D88A318CD95F4505BB800A15 /* robusta_coffee_beans_square.png */ = {isa = PBXFileReference; name = "robusta_coffee_beans_square.png"; path = "../src/assets/coffee_assets/robusta_coffee_beans/robusta_coffee_beans_square.png"; sourceTree = "<group>"; fileEncoding = undefined; lastKnownFileType = unknown; explicitFileType = undefined; includeInIndex = 0; };
/* End PBXFileReference section */

/* Begin PBXFrameworksBuildPhase section */
		00E356EB1AD99517003FC87E /* Frameworks */ = {
			isa = PBXFrameworksBuildPhase;
			buildActionMask = 2147483647;
			files = (
				7699B88040F8A987B510C191 /* libPods-CoffeeShop-CoffeeShopTests.a in Frameworks */,
			);
			runOnlyForDeploymentPostprocessing = 0;
		};
		13B07F8C1A680F5B00A75B9A /* Frameworks */ = {
			isa = PBXFrameworksBuildPhase;
			buildActionMask = 2147483647;
			files = (
				0C80B921A6F3F58F76C31292 /* libPods-CoffeeShop.a in Frameworks */,
			);
			runOnlyForDeploymentPostprocessing = 0;
		};
/* End PBXFrameworksBuildPhase section */

/* Begin PBXGroup section */
		00E356EF1AD99517003FC87E /* CoffeeShopTests */ = {
			isa = PBXGroup;
			children = (
				00E356F21AD99517003FC87E /* CoffeeShopTests.m */,
				00E356F01AD99517003FC87E /* Supporting Files */,
			);
			path = CoffeeShopTests;
			sourceTree = "<group>";
		};
		00E356F01AD99517003FC87E /* Supporting Files */ = {
			isa = PBXGroup;
			children = (
				00E356F11AD99517003FC87E /* Info.plist */,
			);
			name = "Supporting Files";
			sourceTree = "<group>";
		};
		13B07FAE1A68108700A75B9A /* CoffeeShop */ = {
			isa = PBXGroup;
			children = (
				13B07FAF1A68108700A75B9A /* AppDelegate.h */,
				13B07FB01A68108700A75B9A /* AppDelegate.mm */,
				13B07FB51A68108700A75B9A /* Images.xcassets */,
				13B07FB61A68108700A75B9A /* Info.plist */,
				81AB9BB72411601600AC10FF /* LaunchScreen.storyboard */,
				13B07FB71A68108700A75B9A /* main.m */,
				13B07FB81A68108700A75B9A /* PrivacyInfo.xcprivacy */,
			);
			name = CoffeeShop;
			sourceTree = "<group>";
		};
		2D16E6871FA4F8E400B85C8A /* Frameworks */ = {
			isa = PBXGroup;
			children = (
				ED297162215061F000B7C4FE /* JavaScriptCore.framework */,
				5DCACB8F33CDC322A6C60F78 /* libPods-CoffeeShop.a */,
				19F6CBCC0A4E27FBF8BF4A61 /* libPods-CoffeeShop-CoffeeShopTests.a */,
			);
			name = Frameworks;
			sourceTree = "<group>";
		};
		832341AE1AAA6A7D00B99B32 /* Libraries */ = {
			isa = PBXGroup;
			children = (
			);
			name = Libraries;
			sourceTree = "<group>";
		};
		83CBB9F61A601CBA00E9B192 = {
			isa = PBXGroup;
			children = (
				13B07FAE1A68108700A75B9A /* CoffeeShop */,
				832341AE1AAA6A7D00B99B32 /* Libraries */,
				00E356EF1AD99517003FC87E /* CoffeeShopTests */,
				83CBBA001A601CBA00E9B192 /* Products */,
				2D16E6871FA4F8E400B85C8A /* Frameworks */,
				BBD78D7AC51CEA395F1C20DB /* Pods */,
				AD8F0DCB888F4C5AA6FE6B82 /* Resources */,
			);
			indentWidth = 2;
			sourceTree = "<group>";
			tabWidth = 2;
			usesTabs = 0;
		};
		83CBBA001A601CBA00E9B192 /* Products */ = {
			isa = PBXGroup;
			children = (
				13B07F961A680F5B00A75B9A /* CoffeeShop.app */,
				00E356EE1AD99517003FC87E /* CoffeeShopTests.xctest */,
			);
			name = Products;
			sourceTree = "<group>";
		};
		BBD78D7AC51CEA395F1C20DB /* Pods */ = {
			isa = PBXGroup;
			children = (
				3B4392A12AC88292D35C810B /* Pods-CoffeeShop.debug.xcconfig */,
				5709B34CF0A7D63546082F79 /* Pods-CoffeeShop.release.xcconfig */,
				5B7EB9410499542E8C5724F5 /* Pods-CoffeeShop-CoffeeShopTests.debug.xcconfig */,
				89C6BE57DB24E9ADA2F236DE /* Pods-CoffeeShop-CoffeeShopTests.release.xcconfig */,
			);
			path = Pods;
			sourceTree = "<group>";
		};
		AD8F0DCB888F4C5AA6FE6B82 /* Resources */ = {
			isa = "PBXGroup";
			children = (
				6C7AEE407014425EBC95F46B /* app_icons.ttf */,
				E1FF671E5A1040EAAD510765 /* Poppins-Black.ttf */,
				436B6D2E67E74DB58ED17D8E /* Poppins-Bold.ttf */,
				4845FB4581284E4DB64B3A27 /* Poppins-ExtraBold.ttf */,
				D3DE03AE45A64956B5DDAC78 /* Poppins-ExtraLight.ttf */,
				ECCD10651823402CAD999F61 /* Poppins-Light.ttf */,
				D8E5EC42110C4AD5BB159CD6 /* Poppins-Medium.ttf */,
				35680E08E0DF4900AF071034 /* Poppins-Regular.ttf */,
				06622887A7D54B168191F1FA /* Poppins-SemiBold.ttf */,
				93D1087F2E104E879F11A60D /* Poppins-Thin.ttf */,
				797613F351704141A7FA5C08 /* amazonpay.png */,
				4E7639C4D7804134993386E1 /* applepay.png */,
				1D18667EE49A4FE6AE0E1438 /* avatar.png */,
				634095A01AFB452CB505ADD1 /* gpay.png */,
				90250BD6068A41B9B1185CBB /* americano_pic_1_portrait.png */,
				2B9113A1BEC24919B5EA088D /* americano_pic_2_portrait.png */,
				1B82E46B3AD24670BD5A4C7E /* americano_pic_3_portrait.png */,
				D15B49EA981842A0B729A2FB /* americano_pic_1_square.png */,
				0AB6C49943D1460DAD9CD488 /* americano_pic_2_square.png */,
				47892829992243CC91EEC8AA /* americano_pic_3_square.png */,
				F9D003362EAD4381B6EDA7BA /* arabica_coffee_beans_portrait.png */,
				345E42AB1A4E4BD1B6399549 /* arabica_coffee_beans_square.png */,
				76EA7206F26E4505BF35B7A0 /* black_coffee_pic_1_portrait.png */,
				48883694A7A3425C85A86556 /* black_coffee_pic_2_portrait.png */,
				F7111F6FAAA24C7386185E3F /* black_coffee_pic_3_portrait.png */,
				1989273633354ECFBBC232FE /* black_coffee_pic_1_square.png */,
				16614B089AFC41679F0A0968 /* black_coffee_pic_2_square.png */,
				00573C4A285B42468DEDBE2F /* black_coffee_pic_3_square.png */,
				21C3C1903B8347DB8B6754EA /* cappuccino_pic_1_portrait.png */,
				385A1F51830C44DCB2DCC37A /* cappuccino_pic_2_portrait.png */,
				88B580AD301546C49B7B7D12 /* cappuccino_pic_3_portrait.png */,
				FEE7BC5C5B244C55AAE99454 /* cappuccino_pic_1_square.png */,
				A6652064CC7C40C596D2BD09 /* cappuccino_pic_2_square.png */,
				4BD121FF34964E6DB4A80458 /* cappuccino_pic_3_square.png */,
				461B610042C845ABA2E9D9E2 /* espresso_pic_1_portrait.png */,
				A4146D65067D4F27A95203D4 /* espresso_pic_2_portrait.png */,
				0CAEF58A09A84995A868572E /* espresso_pic_3_portrait.png */,
				D926DC5AC1684E8C9A05CA44 /* espresso_pic_1_square.png */,
				A352AFDA21264E7ABD8936DC /* espresso_pic_2_square.png */,
				B9AB9FBEC7604DE9B227B617 /* espresso_pic_3_square.png */,
				DEF34C24B8124BE2B6FCE41A /* excelsa_coffee_beans_portrait.png */,
				6A613F1EA63C4C75A72EC9F6 /* excelsa_coffee_beans_square.png */,
				40069FE27DF14612B49C3755 /* latte_pic_1_portrait.png */,
				D608121731B44257A88F8385 /* latte_pic_2_portrait.png */,
				3424D7D7E5FA408DBBB5AF27 /* latte_pic_3_portrait.png */,
				2F78A1BEFE8D4939AE44FE35 /* latte_pic_1_square.png */,
				37A4F8478F2844ACB40C39FD /* latte_pic_2_square.png */,
				2A5DEED5832E47B1A1C884F0 /* latte_pic_3_square.png */,
				C986731F30744E7CB22830E0 /* liberica_coffee_beans_portrait.png */,
				581CBE13F6214096BF24733A /* liberica_coffee_beans_square.png */,
				9FEE750E098B463E9815FABE /* macchiato_pic_1_portrait.png */,
				F5161A56B5104E5DA51BF5EB /* macchiato_pic_2_portrait.png */,
				57027FC197A340F6B5411FA3 /* macchiato_pic_3_portrait.png */,
				A8C44A1D0BCD416B8684EF55 /* macchiato_pic_1_square.png */,
				705D82BCA2F04219BA225D25 /* macchiato_pic_2_square.png */,
				5B1B09FE93DB435E91BB7A07 /* macchiato_pic_3_square.png */,
				DE4A8D1E06EF45CF876A10B1 /* robusta_coffee_beans_portrait.png */,
				D88A318CD95F4505BB800A15 /* robusta_coffee_beans_square.png */,
			);
			name = Resources;
			sourceTree = "<group>";
			path = "";
		};
/* End PBXGroup section */

/* Begin PBXNativeTarget section */
		00E356ED1AD99517003FC87E /* CoffeeShopTests */ = {
			isa = PBXNativeTarget;
			buildConfigurationList = 00E357021AD99517003FC87E /* Build configuration list for PBXNativeTarget "CoffeeShopTests" */;
			buildPhases = (
				A55EABD7B0C7F3A422A6CC61 /* [CP] Check Pods Manifest.lock */,
				00E356EA1AD99517003FC87E /* Sources */,
				00E356EB1AD99517003FC87E /* Frameworks */,
				00E356EC1AD99517003FC87E /* Resources */,
				C59DA0FBD6956966B86A3779 /* [CP] Embed Pods Frameworks */,
				F6A41C54EA430FDDC6A6ED99 /* [CP] Copy Pods Resources */,
			);
			buildRules = (
			);
			dependencies = (
				00E356F51AD99517003FC87E /* PBXTargetDependency */,
			);
			name = CoffeeShopTests;
			productName = CoffeeShopTests;
			productReference = 00E356EE1AD99517003FC87E /* CoffeeShopTests.xctest */;
			productType = "com.apple.product-type.bundle.unit-test";
		};
		13B07F861A680F5B00A75B9A /* CoffeeShop */ = {
			isa = PBXNativeTarget;
			buildConfigurationList = 13B07F931A680F5B00A75B9A /* Build configuration list for PBXNativeTarget "CoffeeShop" */;
			buildPhases = (
				C38B50BA6285516D6DCD4F65 /* [CP] Check Pods Manifest.lock */,
				13B07F871A680F5B00A75B9A /* Sources */,
				13B07F8C1A680F5B00A75B9A /* Frameworks */,
				13B07F8E1A680F5B00A75B9A /* Resources */,
				00DD1BFF1BD5951E006B06BC /* Bundle React Native code and images */,
				00EEFC60759A1932668264C0 /* [CP] Embed Pods Frameworks */,
				E235C05ADACE081382539298 /* [CP] Copy Pods Resources */,
			);
			buildRules = (
			);
			dependencies = (
			);
			name = CoffeeShop;
			productName = CoffeeShop;
			productReference = 13B07F961A680F5B00A75B9A /* CoffeeShop.app */;
			productType = "com.apple.product-type.application";
		};
/* End PBXNativeTarget section */

/* Begin PBXProject section */
		83CBB9F71A601CBA00E9B192 /* Project object */ = {
			isa = PBXProject;
			attributes = {
				LastUpgradeCheck = 1210;
				TargetAttributes = {
					00E356ED1AD99517003FC87E = {
						CreatedOnToolsVersion = 6.2;
						TestTargetID = 13B07F861A680F5B00A75B9A;
					};
					13B07F861A680F5B00A75B9A = {
						LastSwiftMigration = 1120;
					};
				};
			};
			buildConfigurationList = 83CBB9FA1A601CBA00E9B192 /* Build configuration list for PBXProject "CoffeeShop" */;
			compatibilityVersion = "Xcode 12.0";
			developmentRegion = en;
			hasScannedForEncodings = 0;
			knownRegions = (
				en,
				Base,
			);
			mainGroup = 83CBB9F61A601CBA00E9B192;
			productRefGroup = 83CBBA001A601CBA00E9B192 /* Products */;
			projectDirPath = "";
			projectRoot = "";
			targets = (
				13B07F861A680F5B00A75B9A /* CoffeeShop */,
				00E356ED1AD99517003FC87E /* CoffeeShopTests */,
			);
		};
/* End PBXProject section */

/* Begin PBXResourcesBuildPhase section */
		00E356EC1AD99517003FC87E /* Resources */ = {
			isa = PBXResourcesBuildPhase;
			buildActionMask = 2147483647;
			files = (
			);
			runOnlyForDeploymentPostprocessing = 0;
		};
		13B07F8E1A680F5B00A75B9A /* Resources */ = {
			isa = PBXResourcesBuildPhase;
			buildActionMask = 2147483647;
			files = (
				81AB9BB82411601600AC10FF /* LaunchScreen.storyboard in Resources */,
				13B07FBF1A68108700A75B9A /* Images.xcassets in Resources */,
				4EF91569076C4353A4EFB1FC /* app_icons.ttf in Resources */,
				B3774FF298104A0DBF87857C /* Poppins-Black.ttf in Resources */,
				D263547DB7F041DD8A8B96B3 /* Poppins-Bold.ttf in Resources */,
				CD4C3FF723624A5C8D1B0F78 /* Poppins-ExtraBold.ttf in Resources */,
				8FCBC934607D46AEB31A6F97 /* Poppins-ExtraLight.ttf in Resources */,
				60F313E9FB56430487BAACEA /* Poppins-Light.ttf in Resources */,
				D711EEFE9D4B42128A6A4DDB /* Poppins-Medium.ttf in Resources */,
				1910DCFC0CD144D0B6F284F6 /* Poppins-Regular.ttf in Resources */,
				5DEB27B01B7146A583BF0583 /* Poppins-SemiBold.ttf in Resources */,
				9981F3042C2F4623A7E4064F /* Poppins-Thin.ttf in Resources */,
				06FB14DCDBE349E4993DA48A /* amazonpay.png in Resources */,
				109AA2EA6A07491F87FC31FF /* applepay.png in Resources */,
				F9264C3AD447489E80932358 /* avatar.png in Resources */,
				E4513E4AD3924E4FA56791CA /* gpay.png in Resources */,
				691F64E0C6DD4017A71480A6 /* americano_pic_1_portrait.png in Resources */,
				9FFF182585FF43EDB4C8695B /* americano_pic_2_portrait.png in Resources */,
				CA288414764647CE84A82BF8 /* americano_pic_3_portrait.png in Resources */,
				646EF52110B34EB2ACDA9ECA /* americano_pic_1_square.png in Resources */,
				C8F12CB2DF2B407EB1FB3AEC /* americano_pic_2_square.png in Resources */,
				4E38FB99BFC14C1587C87135 /* americano_pic_3_square.png in Resources */,
				8E6BCA88F2A3450796B7D6FC /* arabica_coffee_beans_portrait.png in Resources */,
				2A6D8C1429384A358CBCB231 /* arabica_coffee_beans_square.png in Resources */,
				F469FB95BA3B4299A167EC00 /* black_coffee_pic_1_portrait.png in Resources */,
				5FED8885DDE7463DB0CBECB1 /* black_coffee_pic_2_portrait.png in Resources */,
				FC2862BEAE0045B9B78C5D65 /* black_coffee_pic_3_portrait.png in Resources */,
				9B7238B3261B4B568507EB74 /* black_coffee_pic_1_square.png in Resources */,
				3342D2A733FD4095B9094D8D /* black_coffee_pic_2_square.png in Resources */,
				89257EB55EF74CAAACD9C817 /* black_coffee_pic_3_square.png in Resources */,
				ACA037B75C8C4F3FA0FAC25D /* cappuccino_pic_1_portrait.png in Resources */,
				99A9DA805278468DA02ACA13 /* cappuccino_pic_2_portrait.png in Resources */,
				72334C6F95DE49E8B7B64CA0 /* cappuccino_pic_3_portrait.png in Resources */,
				9E60A32EB750449498DD9C83 /* cappuccino_pic_1_square.png in Resources */,
				BA760B1ED6AB4FFAB36E5B0E /* cappuccino_pic_2_square.png in Resources */,
				0AF3EF6521ED463DB6FF9ECC /* cappuccino_pic_3_square.png in Resources */,
				0EA4E7EA823041F7BB455944 /* espresso_pic_1_portrait.png in Resources */,
				A1A582222C0D4D9EB909C45C /* espresso_pic_2_portrait.png in Resources */,
				92D1A534C6C84AE297C97C83 /* espresso_pic_3_portrait.png in Resources */,
				4B3E01E9402046F381772E83 /* espresso_pic_1_square.png in Resources */,
				A807758E7AED4B5E987EA263 /* espresso_pic_2_square.png in Resources */,
				C33718DB90374A97875FDCD0 /* espresso_pic_3_square.png in Resources */,
				E83FE5735DA447C9BD8B67D7 /* excelsa_coffee_beans_portrait.png in Resources */,
				625D8E04FBE8404FBDBA14B0 /* excelsa_coffee_beans_square.png in Resources */,
				21A6B56A53C7428D83452A5D /* latte_pic_1_portrait.png in Resources */,
				B7CD957EFD7F42D0BEE7BF5C /* latte_pic_2_portrait.png in Resources */,
				736358E69C25438AA83633F2 /* latte_pic_3_portrait.png in Resources */,
				76BC4B47F86E4A18ACEB27DB /* latte_pic_1_square.png in Resources */,
				7978DAF396CB48309BC2264D /* latte_pic_2_square.png in Resources */,
				08A6AACB797C479DBDCB6267 /* latte_pic_3_square.png in Resources */,
				3B57F377EBDE4D40BC6B3173 /* liberica_coffee_beans_portrait.png in Resources */,
				DC39F4F2B38F42109C048C32 /* liberica_coffee_beans_square.png in Resources */,
				1527386F7090469098213074 /* macchiato_pic_1_portrait.png in Resources */,
				E0FF5C53BF9C463E8B00BA2E /* macchiato_pic_2_portrait.png in Resources */,
				712A249B1937445E946A10FD /* macchiato_pic_3_portrait.png in Resources */,
				9520FEE8551544FDAE085BF7 /* macchiato_pic_1_square.png in Resources */,
				897FE8A90B4C4A99ACA79250 /* macchiato_pic_2_square.png in Resources */,
				57FC144CA6144B4D8ECA45BE /* macchiato_pic_3_square.png in Resources */,
				9AFDBD6E98224FC5BF9F58B4 /* robusta_coffee_beans_portrait.png in Resources */,
				28155BC4A0384156873C55F8 /* robusta_coffee_beans_square.png in Resources */,
			);
			runOnlyForDeploymentPostprocessing = 0;
		};
/* End PBXResourcesBuildPhase section */

/* Begin PBXShellScriptBuildPhase section */
		00DD1BFF1BD5951E006B06BC /* Bundle React Native code and images */ = {
			isa = PBXShellScriptBuildPhase;
			buildActionMask = 2147483647;
			files = (
			);
			inputPaths = (
				"$(SRCROOT)/.xcode.env.local",
				"$(SRCROOT)/.xcode.env",
			);
			name = "Bundle React Native code and images";
			outputPaths = (
			);
			runOnlyForDeploymentPostprocessing = 0;
			shellPath = /bin/sh;
			shellScript = "set -e\n\nWITH_ENVIRONMENT=\"$REACT_NATIVE_PATH/scripts/xcode/with-environment.sh\"\nREACT_NATIVE_XCODE=\"$REACT_NATIVE_PATH/scripts/react-native-xcode.sh\"\n\n/bin/sh -c \"$WITH_ENVIRONMENT $REACT_NATIVE_XCODE\"\n";
		};
		00EEFC60759A1932668264C0 /* [CP] Embed Pods Frameworks */ = {
			isa = PBXShellScriptBuildPhase;
			buildActionMask = 2147483647;
			files = (
			);
			inputFileListPaths = (
				"${PODS_ROOT}/Target Support Files/Pods-CoffeeShop/Pods-CoffeeShop-frameworks-${CONFIGURATION}-input-files.xcfilelist",
			);
			name = "[CP] Embed Pods Frameworks";
			outputFileListPaths = (
				"${PODS_ROOT}/Target Support Files/Pods-CoffeeShop/Pods-CoffeeShop-frameworks-${CONFIGURATION}-output-files.xcfilelist",
			);
			runOnlyForDeploymentPostprocessing = 0;
			shellPath = /bin/sh;
			shellScript = "\"${PODS_ROOT}/Target Support Files/Pods-CoffeeShop/Pods-CoffeeShop-frameworks.sh\"\n";
			showEnvVarsInLog = 0;
		};
		A55EABD7B0C7F3A422A6CC61 /* [CP] Check Pods Manifest.lock */ = {
			isa = PBXShellScriptBuildPhase;
			buildActionMask = 2147483647;
			files = (
			);
			inputFileListPaths = (
			);
			inputPaths = (
				"${PODS_PODFILE_DIR_PATH}/Podfile.lock",
				"${PODS_ROOT}/Manifest.lock",
			);
			name = "[CP] Check Pods Manifest.lock";
			outputFileListPaths = (
			);
			outputPaths = (
				"$(DERIVED_FILE_DIR)/Pods-CoffeeShop-CoffeeShopTests-checkManifestLockResult.txt",
			);
			runOnlyForDeploymentPostprocessing = 0;
			shellPath = /bin/sh;
			shellScript = "diff \"${PODS_PODFILE_DIR_PATH}/Podfile.lock\" \"${PODS_ROOT}/Manifest.lock\" > /dev/null\nif [ $? != 0 ] ; then\n    # print error to STDERR\n    echo \"error: The sandbox is not in sync with the Podfile.lock. Run 'pod install' or update your CocoaPods installation.\" >&2\n    exit 1\nfi\n# This output is used by Xcode 'outputs' to avoid re-running this script phase.\necho \"SUCCESS\" > \"${SCRIPT_OUTPUT_FILE_0}\"\n";
			showEnvVarsInLog = 0;
		};
		C38B50BA6285516D6DCD4F65 /* [CP] Check Pods Manifest.lock */ = {
			isa = PBXShellScriptBuildPhase;
			buildActionMask = 2147483647;
			files = (
			);
			inputFileListPaths = (
			);
			inputPaths = (
				"${PODS_PODFILE_DIR_PATH}/Podfile.lock",
				"${PODS_ROOT}/Manifest.lock",
			);
			name = "[CP] Check Pods Manifest.lock";
			outputFileListPaths = (
			);
			outputPaths = (
				"$(DERIVED_FILE_DIR)/Pods-CoffeeShop-checkManifestLockResult.txt",
			);
			runOnlyForDeploymentPostprocessing = 0;
			shellPath = /bin/sh;
			shellScript = "diff \"${PODS_PODFILE_DIR_PATH}/Podfile.lock\" \"${PODS_ROOT}/Manifest.lock\" > /dev/null\nif [ $? != 0 ] ; then\n    # print error to STDERR\n    echo \"error: The sandbox is not in sync with the Podfile.lock. Run 'pod install' or update your CocoaPods installation.\" >&2\n    exit 1\nfi\n# This output is used by Xcode 'outputs' to avoid re-running this script phase.\necho \"SUCCESS\" > \"${SCRIPT_OUTPUT_FILE_0}\"\n";
			showEnvVarsInLog = 0;
		};
		C59DA0FBD6956966B86A3779 /* [CP] Embed Pods Frameworks */ = {
			isa = PBXShellScriptBuildPhase;
			buildActionMask = 2147483647;
			files = (
			);
			inputFileListPaths = (
				"${PODS_ROOT}/Target Support Files/Pods-CoffeeShop-CoffeeShopTests/Pods-CoffeeShop-CoffeeShopTests-frameworks-${CONFIGURATION}-input-files.xcfilelist",
			);
			name = "[CP] Embed Pods Frameworks";
			outputFileListPaths = (
				"${PODS_ROOT}/Target Support Files/Pods-CoffeeShop-CoffeeShopTests/Pods-CoffeeShop-CoffeeShopTests-frameworks-${CONFIGURATION}-output-files.xcfilelist",
			);
			runOnlyForDeploymentPostprocessing = 0;
			shellPath = /bin/sh;
			shellScript = "\"${PODS_ROOT}/Target Support Files/Pods-CoffeeShop-CoffeeShopTests/Pods-CoffeeShop-CoffeeShopTests-frameworks.sh\"\n";
			showEnvVarsInLog = 0;
		};
		E235C05ADACE081382539298 /* [CP] Copy Pods Resources */ = {
			isa = PBXShellScriptBuildPhase;
			buildActionMask = 2147483647;
			files = (
			);
			inputFileListPaths = (
				"${PODS_ROOT}/Target Support Files/Pods-CoffeeShop/Pods-CoffeeShop-resources-${CONFIGURATION}-input-files.xcfilelist",
			);
			name = "[CP] Copy Pods Resources";
			outputFileListPaths = (
				"${PODS_ROOT}/Target Support Files/Pods-CoffeeShop/Pods-CoffeeShop-resources-${CONFIGURATION}-output-files.xcfilelist",
			);
			runOnlyForDeploymentPostprocessing = 0;
			shellPath = /bin/sh;
			shellScript = "\"${PODS_ROOT}/Target Support Files/Pods-CoffeeShop/Pods-CoffeeShop-resources.sh\"\n";
			showEnvVarsInLog = 0;
		};
		F6A41C54EA430FDDC6A6ED99 /* [CP] Copy Pods Resources */ = {
			isa = PBXShellScriptBuildPhase;
			buildActionMask = 2147483647;
			files = (
			);
			inputFileListPaths = (
				"${PODS_ROOT}/Target Support Files/Pods-CoffeeShop-CoffeeShopTests/Pods-CoffeeShop-CoffeeShopTests-resources-${CONFIGURATION}-input-files.xcfilelist",
			);
			name = "[CP] Copy Pods Resources";
			outputFileListPaths = (
				"${PODS_ROOT}/Target Support Files/Pods-CoffeeShop-CoffeeShopTests/Pods-CoffeeShop-CoffeeShopTests-resources-${CONFIGURATION}-output-files.xcfilelist",
			);
			runOnlyForDeploymentPostprocessing = 0;
			shellPath = /bin/sh;
			shellScript = "\"${PODS_ROOT}/Target Support Files/Pods-CoffeeShop-CoffeeShopTests/Pods-CoffeeShop-CoffeeShopTests-resources.sh\"\n";
			showEnvVarsInLog = 0;
		};
/* End PBXShellScriptBuildPhase section */

/* Begin PBXSourcesBuildPhase section */
		00E356EA1AD99517003FC87E /* Sources */ = {
			isa = PBXSourcesBuildPhase;
			buildActionMask = 2147483647;
			files = (
				00E356F31AD99517003FC87E /* CoffeeShopTests.m in Sources */,
			);
			runOnlyForDeploymentPostprocessing = 0;
		};
		13B07F871A680F5B00A75B9A /* Sources */ = {
			isa = PBXSourcesBuildPhase;
			buildActionMask = 2147483647;
			files = (
				13B07FBC1A68108700A75B9A /* AppDelegate.mm in Sources */,
				13B07FC11A68108700A75B9A /* main.m in Sources */,
			);
			runOnlyForDeploymentPostprocessing = 0;
		};
/* End PBXSourcesBuildPhase section */

/* Begin PBXTargetDependency section */
		00E356F51AD99517003FC87E /* PBXTargetDependency */ = {
			isa = PBXTargetDependency;
			target = 13B07F861A680F5B00A75B9A /* CoffeeShop */;
			targetProxy = 00E356F41AD99517003FC87E /* PBXContainerItemProxy */;
		};
/* End PBXTargetDependency section */

/* Begin XCBuildConfiguration section */
		00E356F61AD99517003FC87E /* Debug */ = {
			isa = XCBuildConfiguration;
			baseConfigurationReference = 5B7EB9410499542E8C5724F5 /* Pods-CoffeeShop-CoffeeShopTests.debug.xcconfig */;
			buildSettings = {
				BUNDLE_LOADER = "$(TEST_HOST)";
				GCC_PREPROCESSOR_DEFINITIONS = (
					"DEBUG=1",
					"$(inherited)",
				);
				INFOPLIST_FILE = CoffeeShopTests/Info.plist;
				IPHONEOS_DEPLOYMENT_TARGET = 13.4;
				LD_RUNPATH_SEARCH_PATHS = (
					"$(inherited)",
					"@executable_path/Frameworks",
					"@loader_path/Frameworks",
				);
				OTHER_LDFLAGS = (
					"-ObjC",
					"-lc++",
					"$(inherited)",
				);
				PRODUCT_BUNDLE_IDENTIFIER = "org.reactjs.native.example.$(PRODUCT_NAME:rfc1034identifier)";
				PRODUCT_NAME = "$(TARGET_NAME)";
				TEST_HOST = "$(BUILT_PRODUCTS_DIR)/CoffeeShop.app/CoffeeShop";
			};
			name = Debug;
		};
		00E356F71AD99517003FC87E /* Release */ = {
			isa = XCBuildConfiguration;
			baseConfigurationReference = 89C6BE57DB24E9ADA2F236DE /* Pods-CoffeeShop-CoffeeShopTests.release.xcconfig */;
			buildSettings = {
				BUNDLE_LOADER = "$(TEST_HOST)";
				COPY_PHASE_STRIP = NO;
				INFOPLIST_FILE = CoffeeShopTests/Info.plist;
				IPHONEOS_DEPLOYMENT_TARGET = 13.4;
				LD_RUNPATH_SEARCH_PATHS = (
					"$(inherited)",
					"@executable_path/Frameworks",
					"@loader_path/Frameworks",
				);
				OTHER_LDFLAGS = (
					"-ObjC",
					"-lc++",
					"$(inherited)",
				);
				PRODUCT_BUNDLE_IDENTIFIER = "org.reactjs.native.example.$(PRODUCT_NAME:rfc1034identifier)";
				PRODUCT_NAME = "$(TARGET_NAME)";
				TEST_HOST = "$(BUILT_PRODUCTS_DIR)/CoffeeShop.app/CoffeeShop";
			};
			name = Release;
		};
		13B07F941A680F5B00A75B9A /* Debug */ = {
			isa = XCBuildConfiguration;
			baseConfigurationReference = 3B4392A12AC88292D35C810B /* Pods-CoffeeShop.debug.xcconfig */;
			buildSettings = {
				ASSETCATALOG_COMPILER_APPICON_NAME = AppIcon;
				CLANG_ENABLE_MODULES = YES;
				CURRENT_PROJECT_VERSION = 1;
				ENABLE_BITCODE = NO;
				INFOPLIST_FILE = CoffeeShop/Info.plist;
				LD_RUNPATH_SEARCH_PATHS = (
					"$(inherited)",
					"@executable_path/Frameworks",
				);
				MARKETING_VERSION = 1.0;
				OTHER_LDFLAGS = (
					"$(inherited)",
					"-ObjC",
					"-lc++",
				);
				PRODUCT_BUNDLE_IDENTIFIER = "org.reactjs.native.example.$(PRODUCT_NAME:rfc1034identifier)";
				PRODUCT_NAME = CoffeeShop;
				SWIFT_OPTIMIZATION_LEVEL = "-Onone";
				SWIFT_VERSION = 5.0;
				VERSIONING_SYSTEM = "apple-generic";
			};
			name = Debug;
		};
		13B07F951A680F5B00A75B9A /* Release */ = {
			isa = XCBuildConfiguration;
			baseConfigurationReference = 5709B34CF0A7D63546082F79 /* Pods-CoffeeShop.release.xcconfig */;
			buildSettings = {
				ASSETCATALOG_COMPILER_APPICON_NAME = AppIcon;
				CLANG_ENABLE_MODULES = YES;
				CURRENT_PROJECT_VERSION = 1;
				INFOPLIST_FILE = CoffeeShop/Info.plist;
				LD_RUNPATH_SEARCH_PATHS = (
					"$(inherited)",
					"@executable_path/Frameworks",
				);
				MARKETING_VERSION = 1.0;
				OTHER_LDFLAGS = (
					"$(inherited)",
					"-ObjC",
					"-lc++",
				);
				PRODUCT_BUNDLE_IDENTIFIER = "org.reactjs.native.example.$(PRODUCT_NAME:rfc1034identifier)";
				PRODUCT_NAME = CoffeeShop;
				SWIFT_VERSION = 5.0;
				VERSIONING_SYSTEM = "apple-generic";
			};
			name = Release;
		};
		83CBBA201A601CBA00E9B192 /* Debug */ = {
			isa = XCBuildConfiguration;
			buildSettings = {
				ALWAYS_SEARCH_USER_PATHS = NO;
				CLANG_ANALYZER_LOCALIZABILITY_NONLOCALIZED = YES;
				CLANG_CXX_LANGUAGE_STANDARD = "c++20";
				CLANG_CXX_LIBRARY = "libc++";
				CLANG_ENABLE_MODULES = YES;
				CLANG_ENABLE_OBJC_ARC = YES;
				CLANG_WARN_BLOCK_CAPTURE_AUTORELEASING = YES;
				CLANG_WARN_BOOL_CONVERSION = YES;
				CLANG_WARN_COMMA = YES;
				CLANG_WARN_CONSTANT_CONVERSION = YES;
				CLANG_WARN_DEPRECATED_OBJC_IMPLEMENTATIONS = YES;
				CLANG_WARN_DIRECT_OBJC_ISA_USAGE = YES_ERROR;
				CLANG_WARN_EMPTY_BODY = YES;
				CLANG_WARN_ENUM_CONVERSION = YES;
				CLANG_WARN_INFINITE_RECURSION = YES;
				CLANG_WARN_INT_CONVERSION = YES;
				CLANG_WARN_NON_LITERAL_NULL_CONVERSION = YES;
				CLANG_WARN_OBJC_IMPLICIT_RETAIN_SELF = YES;
				CLANG_WARN_OBJC_LITERAL_CONVERSION = YES;
				CLANG_WARN_OBJC_ROOT_CLASS = YES_ERROR;
				CLANG_WARN_QUOTED_INCLUDE_IN_FRAMEWORK_HEADER = YES;
				CLANG_WARN_RANGE_LOOP_ANALYSIS = YES;
				CLANG_WARN_STRICT_PROTOTYPES = YES;
				CLANG_WARN_SUSPICIOUS_MOVE = YES;
				CLANG_WARN_UNREACHABLE_CODE = YES;
				CLANG_WARN__DUPLICATE_METHOD_MATCH = YES;
				"CODE_SIGN_IDENTITY[sdk=iphoneos*]" = "iPhone Developer";
				COPY_PHASE_STRIP = NO;
				ENABLE_STRICT_OBJC_MSGSEND = YES;
				ENABLE_TESTABILITY = YES;
				"EXCLUDED_ARCHS[sdk=iphonesimulator*]" = "";
				GCC_C_LANGUAGE_STANDARD = gnu99;
				GCC_DYNAMIC_NO_PIC = NO;
				GCC_NO_COMMON_BLOCKS = YES;
				GCC_OPTIMIZATION_LEVEL = 0;
				GCC_PREPROCESSOR_DEFINITIONS = (
					"DEBUG=1",
					"$(inherited)",
				);
				GCC_SYMBOLS_PRIVATE_EXTERN = NO;
				GCC_WARN_64_TO_32_BIT_CONVERSION = YES;
				GCC_WARN_ABOUT_RETURN_TYPE = YES_ERROR;
				GCC_WARN_UNDECLARED_SELECTOR = YES;
				GCC_WARN_UNINITIALIZED_AUTOS = YES_AGGRESSIVE;
				GCC_WARN_UNUSED_FUNCTION = YES;
				GCC_WARN_UNUSED_VARIABLE = YES;
				IPHONEOS_DEPLOYMENT_TARGET = 13.4;
				LD_RUNPATH_SEARCH_PATHS = (
					/usr/lib/swift,
					"$(inherited)",
				);
				LIBRARY_SEARCH_PATHS = (
					"\"$(SDKROOT)/usr/lib/swift\"",
					"\"$(TOOLCHAIN_DIR)/usr/lib/swift/$(PLATFORM_NAME)\"",
					"\"$(inherited)\"",
				);
				MTL_ENABLE_DEBUG_INFO = YES;
				ONLY_ACTIVE_ARCH = YES;
				OTHER_CPLUSPLUSFLAGS = (
					"$(OTHER_CFLAGS)",
					"-DFOLLY_NO_CONFIG",
					"-DFOLLY_MOBILE=1",
					"-DFOLLY_USE_LIBCPP=1",
					"-DFOLLY_CFG_NO_COROUTINES=1",
					"-DFOLLY_HAVE_CLOCK_GETTIME=1",
				);
				SDKROOT = iphoneos;
			};
			name = Debug;
		};
		83CBBA211A601CBA00E9B192 /* Release */ = {
			isa = XCBuildConfiguration;
			buildSettings = {
				ALWAYS_SEARCH_USER_PATHS = NO;
				CLANG_ANALYZER_LOCALIZABILITY_NONLOCALIZED = YES;
				CLANG_CXX_LANGUAGE_STANDARD = "c++20";
				CLANG_CXX_LIBRARY = "libc++";
				CLANG_ENABLE_MODULES = YES;
				CLANG_ENABLE_OBJC_ARC = YES;
				CLANG_WARN_BLOCK_CAPTURE_AUTORELEASING = YES;
				CLANG_WARN_BOOL_CONVERSION = YES;
				CLANG_WARN_COMMA = YES;
				CLANG_WARN_CONSTANT_CONVERSION = YES;
				CLANG_WARN_DEPRECATED_OBJC_IMPLEMENTATIONS = YES;
				CLANG_WARN_DIRECT_OBJC_ISA_USAGE = YES_ERROR;
				CLANG_WARN_EMPTY_BODY = YES;
				CLANG_WARN_ENUM_CONVERSION = YES;
				CLANG_WARN_INFINITE_RECURSION = YES;
				CLANG_WARN_INT_CONVERSION = YES;
				CLANG_WARN_NON_LITERAL_NULL_CONVERSION = YES;
				CLANG_WARN_OBJC_IMPLICIT_RETAIN_SELF = YES;
				CLANG_WARN_OBJC_LITERAL_CONVERSION = YES;
				CLANG_WARN_OBJC_ROOT_CLASS = YES_ERROR;
				CLANG_WARN_QUOTED_INCLUDE_IN_FRAMEWORK_HEADER = YES;
				CLANG_WARN_RANGE_LOOP_ANALYSIS = YES;
				CLANG_WARN_STRICT_PROTOTYPES = YES;
				CLANG_WARN_SUSPICIOUS_MOVE = YES;
				CLANG_WARN_UNREACHABLE_CODE = YES;
				CLANG_WARN__DUPLICATE_METHOD_MATCH = YES;
				"CODE_SIGN_IDENTITY[sdk=iphoneos*]" = "iPhone Developer";
				COPY_PHASE_STRIP = YES;
				ENABLE_NS_ASSERTIONS = NO;
				ENABLE_STRICT_OBJC_MSGSEND = YES;
				"EXCLUDED_ARCHS[sdk=iphonesimulator*]" = "";
				GCC_C_LANGUAGE_STANDARD = gnu99;
				GCC_NO_COMMON_BLOCKS = YES;
				GCC_WARN_64_TO_32_BIT_CONVERSION = YES;
				GCC_WARN_ABOUT_RETURN_TYPE = YES_ERROR;
				GCC_WARN_UNDECLARED_SELECTOR = YES;
				GCC_WARN_UNINITIALIZED_AUTOS = YES_AGGRESSIVE;
				GCC_WARN_UNUSED_FUNCTION = YES;
				GCC_WARN_UNUSED_VARIABLE = YES;
				IPHONEOS_DEPLOYMENT_TARGET = 13.4;
				LD_RUNPATH_SEARCH_PATHS = (
					/usr/lib/swift,
					"$(inherited)",
				);
				LIBRARY_SEARCH_PATHS = (
					"\"$(SDKROOT)/usr/lib/swift\"",
					"\"$(TOOLCHAIN_DIR)/usr/lib/swift/$(PLATFORM_NAME)\"",
					"\"$(inherited)\"",
				);
				MTL_ENABLE_DEBUG_INFO = NO;
				OTHER_CPLUSPLUSFLAGS = (
					"$(OTHER_CFLAGS)",
					"-DFOLLY_NO_CONFIG",
					"-DFOLLY_MOBILE=1",
					"-DFOLLY_USE_LIBCPP=1",
					"-DFOLLY_CFG_NO_COROUTINES=1",
					"-DFOLLY_HAVE_CLOCK_GETTIME=1",
				);
				SDKROOT = iphoneos;
				VALIDATE_PRODUCT = YES;
			};
			name = Release;
		};
/* End XCBuildConfiguration section */

/* Begin XCConfigurationList section */
		00E357021AD99517003FC87E /* Build configuration list for PBXNativeTarget "CoffeeShopTests" */ = {
			isa = XCConfigurationList;
			buildConfigurations = (
				00E356F61AD99517003FC87E /* Debug */,
				00E356F71AD99517003FC87E /* Release */,
			);
			defaultConfigurationIsVisible = 0;
			defaultConfigurationName = Release;
		};
		13B07F931A680F5B00A75B9A /* Build configuration list for PBXNativeTarget "CoffeeShop" */ = {
			isa = XCConfigurationList;
			buildConfigurations = (
				13B07F941A680F5B00A75B9A /* Debug */,
				13B07F951A680F5B00A75B9A /* Release */,
			);
			defaultConfigurationIsVisible = 0;
			defaultConfigurationName = Release;
		};
		83CBB9FA1A601CBA00E9B192 /* Build configuration list for PBXProject "CoffeeShop" */ = {
			isa = XCConfigurationList;
			buildConfigurations = (
				83CBBA201A601CBA00E9B192 /* Debug */,
				83CBBA211A601CBA00E9B192 /* Release */,
			);
			defaultConfigurationIsVisible = 0;
			defaultConfigurationName = Release;
		};
/* End XCConfigurationList section */
	};
	rootObject = 83CBB9F71A601CBA00E9B192 /* Project object */;
}
